
Microsoft Visual Studio Solution File, Format Version 12.00
# Visual Studio Version 16
VisualStudioVersion = 16.0.30711.63
MinimumVisualStudioVersion = 10.0.40219.1
Project("{FAE04EC0-301F-11D3-BF4B-00C04F79EFBC}") = "JRDataManager", "JRDataManager\JRDataManager.csproj", "{67BD6C55-57D5-4D6C-B9D9-ED1235A38EEB}"
EndProject
Global
	GlobalSection(SolutionConfigurationPlatforms) = preSolution
		Debug|Any CPU = Debug|Any CPU
		Release|Any CPU = Release|Any CPU
	EndGlobalSection
	GlobalSection(ProjectConfigurationPlatforms) = postSolution
		{67BD6C55-57D5-4D6C-B9D9-ED1235A38EEB}.Debug|Any CPU.ActiveCfg = Debug|Any CPU
		{67BD6C55-57D5-4D6C-B9D9-ED1235A38EEB}.Debug|Any CPU.Build.0 = Debug|Any CPU
		{67BD6C55-57D5-4D6C-B9D9-ED1235A38EEB}.Release|Any CPU.ActiveCfg = Release|Any CPU
		{67BD6C55-57D5-4D6C-B9D9-ED1235A38EEB}.Release|Any CPU.Build.0 = Release|Any CPU
	EndGlobalSection
	GlobalSection(SolutionProperties) = preSolution
		HideSolutionNode = FALSE
	EndGlobalSection
	GlobalSection(ExtensibilityGlobals) = postSolution
		SolutionGuid = {BA8713E5-60DA-4767-855B-CEDD14DA1772}
	EndGlobalSection
EndGlobal
